
Microsoft Visual Studio Solution File, Format Version 12.00
# Visual Studio 14
VisualStudioVersion = 14.0.22823.1
MinimumVisualStudioVersion = 10.0.40219.1
Project("{FAE04EC0-301F-11D3-BF4B-00C04F79EFBC}") = "A1Json2Xmltv", "A1Json2Xmltv\A1Json2Xmltv.csproj", "{4A1DA8DC-DE16-40A9-9B49-E558A0B04570}"
EndProject
Project("{FAE04EC0-301F-11D3-BF4B-00C04F79EFBC}") = "Dabesoft.Xmltv", "Dabesoft.Xmltv\Dabesoft.Xmltv.csproj", "{DA0B2248-EC54-4884-BE24-8C9EC7916994}"
EndProject
Project("{FAE04EC0-301F-11D3-BF4B-00C04F79EFBC}") = "DabeSoft.A1", "DabeSoft.A1\DabeSoft.A1.csproj", "{B48B7554-14B2-4503-9F7F-A0B77C336528}"
EndProject
Global
	GlobalSection(SolutionConfigurationPlatforms) = preSolution
		Debug|Any CPU = Debug|Any CPU
		Debug|ARM = Debug|ARM
		Debug|x64 = Debug|x64
		Debug|x86 = Debug|x86
		Release|Any CPU = Release|Any CPU
		Release|ARM = Release|ARM
		Release|x64 = Release|x64
		Release|x86 = Release|x86
	EndGlobalSection
	GlobalSection(ProjectConfigurationPlatforms) = postSolution
		{4A1DA8DC-DE16-40A9-9B49-E558A0B04570}.Debug|Any CPU.ActiveCfg = Debug|Any CPU
		{4A1DA8DC-DE16-40A9-9B49-E558A0B04570}.Debug|Any CPU.Build.0 = Debug|Any CPU
		{4A1DA8DC-DE16-40A9-9B49-E558A0B04570}.Debug|ARM.ActiveCfg = Debug|Any CPU
		{4A1DA8DC-DE16-40A9-9B49-E558A0B04570}.Debug|ARM.Build.0 = Debug|Any CPU
		{4A1DA8DC-DE16-40A9-9B49-E558A0B04570}.Debug|x64.ActiveCfg = Debug|Any CPU
		{4A1DA8DC-DE16-40A9-9B49-E558A0B04570}.Debug|x64.Build.0 = Debug|Any CPU
		{4A1DA8DC-DE16-40A9-9B49-E558A0B04570}.Debug|x86.ActiveCfg = Debug|Any CPU
		{4A1DA8DC-DE16-40A9-9B49-E558A0B04570}.Debug|x86.Build.0 = Debug|Any CPU
		{4A1DA8DC-DE16-40A9-9B49-E558A0B04570}.Release|Any CPU.ActiveCfg = Release|Any CPU
		{4A1DA8DC-DE16-40A9-9B49-E558A0B04570}.Release|Any CPU.Build.0 = Release|Any CPU
		{4A1DA8DC-DE16-40A9-9B49-E558A0B04570}.Release|ARM.ActiveCfg = Release|Any CPU
		{4A1DA8DC-DE16-40A9-9B49-E558A0B04570}.Release|ARM.Build.0 = Release|Any CPU
		{4A1DA8DC-DE16-40A9-9B49-E558A0B04570}.Release|x64.ActiveCfg = Release|Any CPU
		{4A1DA8DC-DE16-40A9-9B49-E558A0B04570}.Release|x64.Build.0 = Release|Any CPU
		{4A1DA8DC-DE16-40A9-9B49-E558A0B04570}.Release|x86.ActiveCfg = Release|Any CPU
		{4A1DA8DC-DE16-40A9-9B49-E558A0B04570}.Release|x86.Build.0 = Release|Any CPU
		{DA0B2248-EC54-4884-BE24-8C9EC7916994}.Debug|Any CPU.ActiveCfg = Debug|Any CPU
		{DA0B2248-EC54-4884-BE24-8C9EC7916994}.Debug|Any CPU.Build.0 = Debug|Any CPU
		{DA0B2248-EC54-4884-BE24-8C9EC7916994}.Debug|ARM.ActiveCfg = Debug|Any CPU
		{DA0B2248-EC54-4884-BE24-8C9EC7916994}.Debug|ARM.Build.0 = Debug|Any CPU
		{DA0B2248-EC54-4884-BE24-8C9EC7916994}.Debug|x64.ActiveCfg = Debug|Any CPU
		{DA0B2248-EC54-4884-BE24-8C9EC7916994}.Debug|x64.Build.0 = Debug|Any CPU
		{DA0B2248-EC54-4884-BE24-8C9EC7916994}.Debug|x86.ActiveCfg = Debug|Any CPU
		{DA0B2248-EC54-4884-BE24-8C9EC7916994}.Debug|x86.Build.0 = Debug|Any CPU
		{DA0B2248-EC54-4884-BE24-8C9EC7916994}.Release|Any CPU.ActiveCfg = Release|Any CPU
		{DA0B2248-EC54-4884-BE24-8C9EC7916994}.Release|Any CPU.Build.0 = Release|Any CPU
		{DA0B2248-EC54-4884-BE24-8C9EC7916994}.Release|ARM.ActiveCfg = Release|Any CPU
		{DA0B2248-EC54-4884-BE24-8C9EC7916994}.Release|ARM.Build.0 = Release|Any CPU
		{DA0B2248-EC54-4884-BE24-8C9EC7916994}.Release|x64.ActiveCfg = Release|Any CPU
		{DA0B2248-EC54-4884-BE24-8C9EC7916994}.Release|x64.Build.0 = Release|Any CPU
		{DA0B2248-EC54-4884-BE24-8C9EC7916994}.Release|x86.ActiveCfg = Release|Any CPU
		{DA0B2248-EC54-4884-BE24-8C9EC7916994}.Release|x86.Build.0 = Release|Any CPU
		{B48B7554-14B2-4503-9F7F-A0B77C336528}.Debug|Any CPU.ActiveCfg = Debug|Any CPU
		{B48B7554-14B2-4503-9F7F-A0B77C336528}.Debug|Any CPU.Build.0 = Debug|Any CPU
		{B48B7554-14B2-4503-9F7F-A0B77C336528}.Debug|ARM.ActiveCfg = Debug|Any CPU
		{B48B7554-14B2-4503-9F7F-A0B77C336528}.Debug|ARM.Build.0 = Debug|Any CPU
		{B48B7554-14B2-4503-9F7F-A0B77C336528}.Debug|x64.ActiveCfg = Debug|Any CPU
		{B48B7554-14B2-4503-9F7F-A0B77C336528}.Debug|x64.Build.0 = Debug|Any CPU
		{B48B7554-14B2-4503-9F7F-A0B77C336528}.Debug|x86.ActiveCfg = Debug|Any CPU
		{B48B7554-14B2-4503-9F7F-A0B77C336528}.Debug|x86.Build.0 = Debug|Any CPU
		{B48B7554-14B2-4503-9F7F-A0B77C336528}.Release|Any CPU.ActiveCfg = Release|Any CPU
		{B48B7554-14B2-4503-9F7F-A0B77C336528}.Release|Any CPU.Build.0 = Release|Any CPU
		{B48B7554-14B2-4503-9F7F-A0B77C336528}.Release|ARM.ActiveCfg = Release|Any CPU
		{B48B7554-14B2-4503-9F7F-A0B77C336528}.Release|ARM.Build.0 = Release|Any CPU
		{B48B7554-14B2-4503-9F7F-A0B77C336528}.Release|x64.ActiveCfg = Release|Any CPU
		{B48B7554-14B2-4503-9F7F-A0B77C336528}.Release|x64.Build.0 = Release|Any CPU
		{B48B7554-14B2-4503-9F7F-A0B77C336528}.Release|x86.ActiveCfg = Release|Any CPU
		{B48B7554-14B2-4503-9F7F-A0B77C336528}.Release|x86.Build.0 = Release|Any CPU
	EndGlobalSection
	GlobalSection(SolutionProperties) = preSolution
		HideSolutionNode = FALSE
	EndGlobalSection
EndGlobal
